
Microsoft Visual Studio Solution File, Format Version 12.00
# Visual Studio Version 17
VisualStudioVersion = 17.11.35208.52
MinimumVisualStudioVersion = 10.0.40219.1
Project("{888888A0-9F3D-457C-B088-3A5042F75D52}") = "Facerecognitionrci", "Facerecognitionrci\Facerecognitionrci.pyproj", "{886221A2-8238-4A43-A9E6-1D00A3BFBC5D}"
EndProject
Global
	GlobalSection(SolutionConfigurationPlatforms) = preSolution
		Debug|Any CPU = Debug|Any CPU
		Release|Any CPU = Release|Any CPU
	EndGlobalSection
	GlobalSection(ProjectConfigurationPlatforms) = postSolution
		{886221A2-8238-4A43-A9E6-1D00A3BFBC5D}.Debug|Any CPU.ActiveCfg = Debug|Any CPU
		{886221A2-8238-4A43-A9E6-1D00A3BFBC5D}.Release|Any CPU.ActiveCfg = Release|Any CPU
	EndGlobalSection
	GlobalSection(SolutionProperties) = preSolution
		HideSolutionNode = FALSE
	EndGlobalSection
	GlobalSection(ExtensibilityGlobals) = postSolution
		SolutionGuid = {6AA7874A-C470-4CF9-A4D7-6834A298A153}
	EndGlobalSection
EndGlobal
